// !$*UTF8*$!
{
	archiveVersion = 1;
	classes = {
	};
	objectVersion = 56;
	objects = {

/* Begin PBXBuildFile section */
		414BC3152B56D1ED00085615 /* SwiftUISampleAppApp.swift in Sources */ = {isa = PBXBuildFile; fileRef = 414BC3142B56D1ED00085615 /* SwiftUISampleAppApp.swift */; };
		414BC3172B56D1ED00085615 /* ContentView.swift in Sources */ = {isa = PBXBuildFile; fileRef = 414BC3162B56D1ED00085615 /* ContentView.swift */; };
		414BC3192B56D1EF00085615 /* Assets.xcassets in Resources */ = {isa = PBXBuildFile; fileRef = 414BC3182B56D1EF00085615 /* Assets.xcassets */; };
		414BC31C2B56D1EF00085615 /* Preview Assets.xcassets in Resources */ = {isa = PBXBuildFile; fileRef = 414BC31B2B56D1EF00085615 /* Preview Assets.xcassets */; };
		414BC3262B56D1EF00085615 /* SwiftUISampleAppTests.swift in Sources */ = {isa = PBXBuildFile; fileRef = 414BC3252B56D1EF00085615 /* SwiftUISampleAppTests.swift */; };
		414BC3302B56D1EF00085615 /* SwiftUISampleAppUITests.swift in Sources */ = {isa = PBXBuildFile; fileRef = 414BC32F2B56D1EF00085615 /* SwiftUISampleAppUITests.swift */; };
		414BC3322B56D1EF00085615 /* SwiftUISampleAppUITestsLaunchTests.swift in Sources */ = {isa = PBXBuildFile; fileRef = 414BC3312B56D1EF00085615 /* SwiftUISampleAppUITestsLaunchTests.swift */; };
/* End PBXBuildFile section */

/* Begin PBXContainerItemProxy section */
		414BC3222B56D1EF00085615 /* PBXContainerItemProxy */ = {
			isa = PBXContainerItemProxy;
			containerPortal = 414BC3092B56D1ED00085615 /* Project object */;
			proxyType = 1;
			remoteGlobalIDString = 414BC3102B56D1ED00085615;
			remoteInfo = SwiftUISampleApp;
		};
		414BC32C2B56D1EF00085615 /* PBXContainerItemProxy */ = {
			isa = PBXContainerItemProxy;
			containerPortal = 414BC3092B56D1ED00085615 /* Project object */;
			proxyType = 1;
			remoteGlobalIDString = 414BC3102B56D1ED00085615;
			remoteInfo = SwiftUISampleApp;
		};
/* End PBXContainerItemProxy section */

/* Begin PBXFileReference section */
		414BC3112B56D1ED00085615 /* SwiftUISampleApp.app */ = {isa = PBXFileReference; explicitFileType = wrapper.application; includeInIndex = 0; path = SwiftUISampleApp.app; sourceTree = BUILT_PRODUCTS_DIR; };
		414BC3142B56D1ED00085615 /* SwiftUISampleAppApp.swift */ = {isa = PBXFileReference; lastKnownFileType = sourcecode.swift; path = SwiftUISampleAppApp.swift; sourceTree = "<group>"; };
		414BC3162B56D1ED00085615 /* ContentView.swift */ = {isa = PBXFileReference; lastKnownFileType = sourcecode.swift; path = ContentView.swift; sourceTree = "<group>"; };
		414BC3182B56D1EF00085615 /* Assets.xcassets */ = {isa = PBXFileReference; lastKnownFileType = folder.assetcatalog; path = Assets.xcassets; sourceTree = "<group>"; };
		414BC31B2B56D1EF00085615 /* Preview Assets.xcassets */ = {isa = PBXFileReference; lastKnownFileType = folder.assetcatalog; path = "Preview Assets.xcassets"; sourceTree = "<group>"; };
		414BC3212B56D1EF00085615 /* SwiftUISampleAppTests.xctest */ = {isa = PBXFileReference; explicitFileType = wrapper.cfbundle; includeInIndex = 0; path = SwiftUISampleAppTests.xctest; sourceTree = BUILT_PRODUCTS_DIR; };
		414BC3252B56D1EF00085615 /* SwiftUISampleAppTests.swift */ = {isa = PBXFileReference; lastKnownFileType = sourcecode.swift; path = SwiftUISampleAppTests.swift; sourceTree = "<group>"; };
		414BC32B2B56D1EF00085615 /* SwiftUISampleAppUITests.xctest */ = {isa = PBXFileReference; explicitFileType = wrapper.cfbundle; includeInIndex = 0; path = SwiftUISampleAppUITests.xctest; sourceTree = BUILT_PRODUCTS_DIR; };
		414BC32F2B56D1EF00085615 /* SwiftUISampleAppUITests.swift */ = {isa = PBXFileReference; lastKnownFileType = sourcecode.swift; path = SwiftUISampleAppUITests.swift; sourceTree = "<group>"; };
		414BC3312B56D1EF00085615 /* SwiftUISampleAppUITestsLaunchTests.swift */ = {isa = PBXFileReference; lastKnownFileType = sourcecode.swift; path = SwiftUISampleAppUITestsLaunchTests.swift; sourceTree = "<group>"; };
/* End PBXFileReference section */

/* Begin PBXFrameworksBuildPhase section */
		414BC30E2B56D1ED00085615 /* Frameworks */ = {
			isa = PBXFrameworksBuildPhase;
			buildActionMask = 2147483647;
			files = (
			);
			runOnlyForDeploymentPostprocessing = 0;
		};
		414BC31E2B56D1EF00085615 /* Frameworks */ = {
			isa = PBXFrameworksBuildPhase;
			buildActionMask = 2147483647;
			files = (
			);
			runOnlyForDeploymentPostprocessing = 0;
		};
		414BC3282B56D1EF00085615 /* Frameworks */ = {
			isa = PBXFrameworksBuildPhase;
			buildActionMask = 2147483647;
			files = (
			);
			runOnlyForDeploymentPostprocessing = 0;
		};
/* End PBXFrameworksBuildPhase section */

/* Begin PBXGroup section */
		414BC3082B56D1EC00085615 = {
			isa = PBXGroup;
			children = (
				414BC3132B56D1ED00085615 /* SwiftUISampleApp */,
				414BC3242B56D1EF00085615 /* SwiftUISampleAppTests */,
				414BC32E2B56D1EF00085615 /* SwiftUISampleAppUITests */,
				414BC3122B56D1ED00085615 /* Products */,
			);
			sourceTree = "<group>";
		};
		414BC3122B56D1ED00085615 /* Products */ = {
			isa = PBXGroup;
			children = (
				414BC3112B56D1ED00085615 /* SwiftUISampleApp.app */,
				414BC3212B56D1EF00085615 /* SwiftUISampleAppTests.xctest */,
				414BC32B2B56D1EF00085615 /* SwiftUISampleAppUITests.xctest */,
			);
			name = Products;
			sourceTree = "<group>";
		};
		414BC3132B56D1ED00085615 /* SwiftUISampleApp */ = {
			isa = PBXGroup;
			children = (
				414BC3142B56D1ED00085615 /* SwiftUISampleAppApp.swift */,
				414BC3162B56D1ED00085615 /* ContentView.swift */,
				414BC3182B56D1EF00085615 /* Assets.xcassets */,
				414BC31A2B56D1EF00085615 /* Preview Content */,
			);
			path = SwiftUISampleApp;
			sourceTree = "<group>";
		};
		414BC31A2B56D1EF00085615 /* Preview Content */ = {
			isa = PBXGroup;
			children = (
				414BC31B2B56D1EF00085615 /* Preview Assets.xcassets */,
			);
			path = "Preview Content";
			sourceTree = "<group>";
		};
		414BC3242B56D1EF00085615 /* SwiftUISampleAppTests */ = {
			isa = PBXGroup;
			children = (
				414BC3252B56D1EF00085615 /* SwiftUISampleAppTests.swift */,
			);
			path = SwiftUISampleAppTests;
			sourceTree = "<group>";
		};
		414BC32E2B56D1EF00085615 /* SwiftUISampleAppUITests */ = {
			isa = PBXGroup;
			children = (
				414BC32F2B56D1EF00085615 /* SwiftUISampleAppUITests.swift */,
				414BC3312B56D1EF00085615 /* SwiftUISampleAppUITestsLaunchTests.swift */,
			);
			path = SwiftUISampleAppUITests;
			sourceTree = "<group>";
		};
/* End PBXGroup section */

/* Begin PBXNativeTarget section */
		414BC3102B56D1ED00085615 /* SwiftUISampleApp */ = {
			isa = PBXNativeTarget;
			buildConfigurationList = 414BC3352B56D1EF00085615 /* Build configuration list for PBXNativeTarget "SwiftUISampleApp" */;
			buildPhases = (
				414BC30D2B56D1ED00085615 /* Sources */,
				414BC30E2B56D1ED00085615 /* Frameworks */,
				414BC30F2B56D1ED00085615 /* Resources */,
			);
			buildRules = (
			);
			dependencies = (
			);
			name = SwiftUISampleApp;
			productName = SwiftUISampleApp;
			productReference = 414BC3112B56D1ED00085615 /* SwiftUISampleApp.app */;
			productType = "com.apple.product-type.application";
		};
		414BC3202B56D1EF00085615 /* SwiftUISampleAppTests */ = {
			isa = PBXNativeTarget;
			buildConfigurationList = 414BC3382B56D1EF00085615 /* Build configuration list for PBXNativeTarget "SwiftUISampleAppTests" */;
			buildPhases = (
				414BC31D2B56D1EF00085615 /* Sources */,
				414BC31E2B56D1EF00085615 /* Frameworks */,
				414BC31F2B56D1EF00085615 /* Resources */,
			);
			buildRules = (
			);
			dependencies = (
				414BC3232B56D1EF00085615 /* PBXTargetDependency */,
			);
			name = SwiftUISampleAppTests;
			productName = SwiftUISampleAppTests;
			productReference = 414BC3212B56D1EF00085615 /* SwiftUISampleAppTests.xctest */;
			productType = "com.apple.product-type.bundle.unit-test";
		};
		414BC32A2B56D1EF00085615 /* SwiftUISampleAppUITests */ = {
			isa = PBXNativeTarget;
			buildConfigurationList = 414BC33B2B56D1EF00085615 /* Build configuration list for PBXNativeTarget "SwiftUISampleAppUITests" */;
			buildPhases = (
				414BC3272B56D1EF00085615 /* Sources */,
				414BC3282B56D1EF00085615 /* Frameworks */,
				414BC3292B56D1EF00085615 /* Resources */,
			);
			buildRules = (
			);
			dependencies = (
				414BC32D2B56D1EF00085615 /* PBXTargetDependency */,
			);
			name = SwiftUISampleAppUITests;
			productName = SwiftUISampleAppUITests;
			productReference = 414BC32B2B56D1EF00085615 /* SwiftUISampleAppUITests.xctest */;
			productType = "com.apple.product-type.bundle.ui-testing";
		};
/* End PBXNativeTarget section */

/* Begin PBXProject section */
		414BC3092B56D1ED00085615 /* Project object */ = {
			isa = PBXProject;
			attributes = {
				BuildIndependentTargetsInParallel = 1;
				LastSwiftUpdateCheck = 1500;
				LastUpgradeCheck = 1500;
				TargetAttributes = {
					414BC3102B56D1ED00085615 = {
						CreatedOnToolsVersion = 15.0.1;
					};
					414BC3202B56D1EF00085615 = {
						CreatedOnToolsVersion = 15.0.1;
						TestTargetID = 414BC3102B56D1ED00085615;
					};
					414BC32A2B56D1EF00085615 = {
						CreatedOnToolsVersion = 15.0.1;
						TestTargetID = 414BC3102B56D1ED00085615;
					};
				};
			};
			buildConfigurationList = 414BC30C2B56D1ED00085615 /* Build configuration list for PBXProject "SwiftUISampleApp" */;
			compatibilityVersion = "Xcode 14.0";
			developmentRegion = en;
			hasScannedForEncodings = 0;
			knownRegions = (
				en,
				Base,
			);
			mainGroup = 414BC3082B56D1EC00085615;
			productRefGroup = 414BC3122B56D1ED00085615 /* Products */;
			projectDirPath = "";
			projectRoot = "";
			targets = (
				414BC3102B56D1ED00085615 /* SwiftUISampleApp */,
				414BC3202B56D1EF00085615 /* SwiftUISampleAppTests */,
				414BC32A2B56D1EF00085615 /* SwiftUISampleAppUITests */,
			);
		};
/* End PBXProject section */

/* Begin PBXResourcesBuildPhase section */
		414BC30F2B56D1ED00085615 /* Resources */ = {
			isa = PBXResourcesBuildPhase;
			buildActionMask = 2147483647;
			files = (
				414BC31C2B56D1EF00085615 /* Preview Assets.xcassets in Resources */,
				414BC3192B56D1EF00085615 /* Assets.xcassets in Resources */,
			);
			runOnlyForDeploymentPostprocessing = 0;
		};
		414BC31F2B56D1EF00085615 /* Resources */ = {
			isa = PBXResourcesBuildPhase;
			buildActionMask = 2147483647;
			files = (
			);
			runOnlyForDeploymentPostprocessing = 0;
		};
		414BC3292B56D1EF00085615 /* Resources */ = {
			isa = PBXResourcesBuildPhase;
			buildActionMask = 2147483647;
			files = (
			);
			runOnlyForDeploymentPostprocessing = 0;
		};
/* End PBXResourcesBuildPhase section */

/* Begin PBXSourcesBuildPhase section */
		414BC30D2B56D1ED00085615 /* Sources */ = {
			isa = PBXSourcesBuildPhase;
			buildActionMask = 2147483647;
			files = (
				414BC3172B56D1ED00085615 /* ContentView.swift in Sources */,
				414BC3152B56D1ED00085615 /* SwiftUISampleAppApp.swift in Sources */,
			);
			runOnlyForDeploymentPostprocessing = 0;
		};
		414BC31D2B56D1EF00085615 /* Sources */ = {
			isa = PBXSourcesBuildPhase;
			buildActionMask = 2147483647;
			files = (
				414BC3262B56D1EF00085615 /* SwiftUISampleAppTests.swift in Sources */,
			);
			runOnlyForDeploymentPostprocessing = 0;
		};
		414BC3272B56D1EF00085615 /* Sources */ = {
			isa = PBXSourcesBuildPhase;
			buildActionMask = 2147483647;
			files = (
				414BC3322B56D1EF00085615 /* SwiftUISampleAppUITestsLaunchTests.swift in Sources */,
				414BC3302B56D1EF00085615 /* SwiftUISampleAppUITests.swift in Sources */,
			);
			runOnlyForDeploymentPostprocessing = 0;
		};
/* End PBXSourcesBuildPhase section */

/* Begin PBXTargetDependency section */
		414BC3232B56D1EF00085615 /* PBXTargetDependency */ = {
			isa = PBXTargetDependency;
			target = 414BC3102B56D1ED00085615 /* SwiftUISampleApp */;
			targetProxy = 414BC3222B56D1EF00085615 /* PBXContainerItemProxy */;
		};
		414BC32D2B56D1EF00085615 /* PBXTargetDependency */ = {
			isa = PBXTargetDependency;
			target = 414BC3102B56D1ED00085615 /* SwiftUISampleApp */;
			targetProxy = 414BC32C2B56D1EF00085615 /* PBXContainerItemProxy */;
		};
/* End PBXTargetDependency section */

/* Begin XCBuildConfiguration section */
		414BC3332B56D1EF00085615 /* Debug */ = {
			isa = XCBuildConfiguration;
			buildSettings = {
				ALWAYS_SEARCH_USER_PATHS = NO;
				ASSETCATALOG_COMPILER_GENERATE_SWIFT_ASSET_SYMBOL_EXTENSIONS = YES;
				CLANG_ANALYZER_NONNULL = YES;
				CLANG_ANALYZER_NUMBER_OBJECT_CONVERSION = YES_AGGRESSIVE;
				CLANG_CXX_LANGUAGE_STANDARD = "gnu++20";
				CLANG_ENABLE_MODULES = YES;
				CLANG_ENABLE_OBJC_ARC = YES;
				CLANG_ENABLE_OBJC_WEAK = YES;
				CLANG_WARN_BLOCK_CAPTURE_AUTORELEASING = YES;
				CLANG_WARN_BOOL_CONVERSION = YES;
				CLANG_WARN_COMMA = YES;
				CLANG_WARN_CONSTANT_CONVERSION = YES;
				CLANG_WARN_DEPRECATED_OBJC_IMPLEMENTATIONS = YES;
				CLANG_WARN_DIRECT_OBJC_ISA_USAGE = YES_ERROR;
				CLANG_WARN_DOCUMENTATION_COMMENTS = YES;
				CLANG_WARN_EMPTY_BODY = YES;
				CLANG_WARN_ENUM_CONVERSION = YES;
				CLANG_WARN_INFINITE_RECURSION = YES;
				CLANG_WARN_INT_CONVERSION = YES;
				CLANG_WARN_NON_LITERAL_NULL_CONVERSION = YES;
				CLANG_WARN_OBJC_IMPLICIT_RETAIN_SELF = YES;
				CLANG_WARN_OBJC_LITERAL_CONVERSION = YES;
				CLANG_WARN_OBJC_ROOT_CLASS = YES_ERROR;
				CLANG_WARN_QUOTED_INCLUDE_IN_FRAMEWORK_HEADER = YES;
				CLANG_WARN_RANGE_LOOP_ANALYSIS = YES;
				CLANG_WARN_STRICT_PROTOTYPES = YES;
				CLANG_WARN_SUSPICIOUS_MOVE = YES;
				CLANG_WARN_UNGUARDED_AVAILABILITY = YES_AGGRESSIVE;
				CLANG_WARN_UNREACHABLE_CODE = YES;
				CLANG_WARN__DUPLICATE_METHOD_MATCH = YES;
				COPY_PHASE_STRIP = NO;
				DEBUG_INFORMATION_FORMAT = dwarf;
				ENABLE_STRICT_OBJC_MSGSEND = YES;
				ENABLE_TESTABILITY = YES;
				ENABLE_USER_SCRIPT_SANDBOXING = YES;
				GCC_C_LANGUAGE_STANDARD = gnu17;
				GCC_DYNAMIC_NO_PIC = NO;
				GCC_NO_COMMON_BLOCKS = YES;
				GCC_OPTIMIZATION_LEVEL = 0;
				GCC_PREPROCESSOR_DEFINITIONS = (
					"DEBUG=1",
					"$(inherited)",
				);
				GCC_WARN_64_TO_32_BIT_CONVERSION = YES;
				GCC_WARN_ABOUT_RETURN_TYPE = YES_ERROR;
				GCC_WARN_UNDECLARED_SELECTOR = YES;
				GCC_WARN_UNINITIALIZED_AUTOS = YES_AGGRESSIVE;
				GCC_WARN_UNUSED_FUNCTION = YES;
				GCC_WARN_UNUSED_VARIABLE = YES;
				IPHONEOS_DEPLOYMENT_TARGET = 17.0;
				LOCALIZATION_PREFERS_STRING_CATALOGS = YES;
				MTL_ENABLE_DEBUG_INFO = INCLUDE_SOURCE;
				MTL_FAST_MATH = YES;
				ONLY_ACTIVE_ARCH = YES;
				SDKROOT = iphoneos;
				SWIFT_ACTIVE_COMPILATION_CONDITIONS = "DEBUG $(inherited)";
				SWIFT_OPTIMIZATION_LEVEL = "-Onone";
			};
			name = Debug;
		};
		414BC3342B56D1EF00085615 /* Release */ = {
			isa = XCBuildConfiguration;
			buildSettings = {
				ALWAYS_SEARCH_USER_PATHS = NO;
				ASSETCATALOG_COMPILER_GENERATE_SWIFT_ASSET_SYMBOL_EXTENSIONS = YES;
				CLANG_ANALYZER_NONNULL = YES;
				CLANG_ANALYZER_NUMBER_OBJECT_CONVERSION = YES_AGGRESSIVE;
				CLANG_CXX_LANGUAGE_STANDARD = "gnu++20";
				CLANG_ENABLE_MODULES = YES;
				CLANG_ENABLE_OBJC_ARC = YES;
				CLANG_ENABLE_OBJC_WEAK = YES;
				CLANG_WARN_BLOCK_CAPTURE_AUTORELEASING = YES;
				CLANG_WARN_BOOL_CONVERSION = YES;
				CLANG_WARN_COMMA = YES;
				CLANG_WARN_CONSTANT_CONVERSION = YES;
				CLANG_WARN_DEPRECATED_OBJC_IMPLEMENTATIONS = YES;
				CLANG_WARN_DIRECT_OBJC_ISA_USAGE = YES_ERROR;
				CLANG_WARN_DOCUMENTATION_COMMENTS = YES;
				CLANG_WARN_EMPTY_BODY = YES;
				CLANG_WARN_ENUM_CONVERSION = YES;
				CLANG_WARN_INFINITE_RECURSION = YES;
				CLANG_WARN_INT_CONVERSION = YES;
				CLANG_WARN_NON_LITERAL_NULL_CONVERSION = YES;
				CLANG_WARN_OBJC_IMPLICIT_RETAIN_SELF = YES;
				CLANG_WARN_OBJC_LITERAL_CONVERSION = YES;
				CLANG_WARN_OBJC_ROOT_CLASS = YES_ERROR;
				CLANG_WARN_QUOTED_INCLUDE_IN_FRAMEWORK_HEADER = YES;
				CLANG_WARN_RANGE_LOOP_ANALYSIS = YES;
				CLANG_WARN_STRICT_PROTOTYPES = YES;
				CLANG_WARN_SUSPICIOUS_MOVE = YES;
				CLANG_WARN_UNGUARDED_AVAILABILITY = YES_AGGRESSIVE;
				CLANG_WARN_UNREACHABLE_CODE = YES;
				CLANG_WARN__DUPLICATE_METHOD_MATCH = YES;
				COPY_PHASE_STRIP = NO;
				DEBUG_INFORMATION_FORMAT = "dwarf-with-dsym";
				ENABLE_NS_ASSERTIONS = NO;
				ENABLE_STRICT_OBJC_MSGSEND = YES;
				ENABLE_USER_SCRIPT_SANDBOXING = YES;
				GCC_C_LANGUAGE_STANDARD = gnu17;
				GCC_NO_COMMON_BLOCKS = YES;
				GCC_WARN_64_TO_32_BIT_CONVERSION = YES;
				GCC_WARN_ABOUT_RETURN_TYPE = YES_ERROR;
				GCC_WARN_UNDECLARED_SELECTOR = YES;
				GCC_WARN_UNINITIALIZED_AUTOS = YES_AGGRESSIVE;
				GCC_WARN_UNUSED_FUNCTION = YES;
				GCC_WARN_UNUSED_VARIABLE = YES;
				IPHONEOS_DEPLOYMENT_TARGET = 17.0;
				LOCALIZATION_PREFERS_STRING_CATALOGS = YES;
				MTL_ENABLE_DEBUG_INFO = NO;
				MTL_FAST_MATH = YES;
				SDKROOT = iphoneos;
				SWIFT_COMPILATION_MODE = wholemodule;
				VALIDATE_PRODUCT = YES;
			};
			name = Release;
		};
		414BC3362B56D1EF00085615 /* Debug */ = {
			isa = XCBuildConfiguration;
			buildSettings = {
				ASSETCATALOG_COMPILER_APPICON_NAME = AppIcon;
				ASSETCATALOG_COMPILER_GLOBAL_ACCENT_COLOR_NAME = AccentColor;
				CODE_SIGN_STYLE = Automatic;
				CURRENT_PROJECT_VERSION = 1;
				DEVELOPMENT_ASSET_PATHS = "\"SwiftUISampleApp/Preview Content\"";
				DEVELOPMENT_TEAM = 68S327XH4T;
				ENABLE_PREVIEWS = YES;
				GENERATE_INFOPLIST_FILE = YES;
				INFOPLIST_KEY_UIApplicationSceneManifest_Generation = YES;
				INFOPLIST_KEY_UIApplicationSupportsIndirectInputEvents = YES;
				INFOPLIST_KEY_UILaunchScreen_Generation = YES;
				INFOPLIST_KEY_UISupportedInterfaceOrientations_iPad = "UIInterfaceOrientationPortrait UIInterfaceOrientationPortraitUpsideDown UIInterfaceOrientationLandscapeLeft UIInterfaceOrientationLandscapeRight";
				INFOPLIST_KEY_UISupportedInterfaceOrientations_iPhone = "UIInterfaceOrientationPortrait UIInterfaceOrientationLandscapeLeft UIInterfaceOrientationLandscapeRight";
				LD_RUNPATH_SEARCH_PATHS = (
					"$(inherited)",
					"@executable_path/Frameworks",
				);
				MARKETING_VERSION = 1.0;
				PRODUCT_BUNDLE_IDENTIFIER = com.usign.part.SwiftUISampleApp;
				PRODUCT_NAME = "$(TARGET_NAME)";
				SWIFT_EMIT_LOC_STRINGS = YES;
				SWIFT_VERSION = 5.0;
				TARGETED_DEVICE_FAMILY = "1,2";
			};
			name = Debug;
		};
		414BC3372B56D1EF00085615 /* Release */ = {
			isa = XCBuildConfiguration;
			buildSettings = {
				ASSETCATALOG_COMPILER_APPICON_NAME = AppIcon;
				ASSETCATALOG_COMPILER_GLOBAL_ACCENT_COLOR_NAME = AccentColor;
				CODE_SIGN_STYLE = Automatic;
				CURRENT_PROJECT_VERSION = 1;
				DEVELOPMENT_ASSET_PATHS = "\"SwiftUISampleApp/Preview Content\"";
				DEVELOPMENT_TEAM = 68S327XH4T;
				ENABLE_PREVIEWS = YES;
				GENERATE_INFOPLIST_FILE = YES;
				INFOPLIST_KEY_UIApplicationSceneManifest_Generation = YES;
				INFOPLIST_KEY_UIApplicationSupportsIndirectInputEvents = YES;
				INFOPLIST_KEY_UILaunchScreen_Generation = YES;
				INFOPLIST_KEY_UISupportedInterfaceOrientations_iPad = "UIInterfaceOrientationPortrait UIInterfaceOrientationPortraitUpsideDown UIInterfaceOrientationLandscapeLeft UIInterfaceOrientationLandscapeRight";
				INFOPLIST_KEY_UISupportedInterfaceOrientations_iPhone = "UIInterfaceOrientationPortrait UIInterfaceOrientationLandscapeLeft UIInterfaceOrientationLandscapeRight";
				LD_RUNPATH_SEARCH_PATHS = (
					"$(inherited)",
					"@executable_path/Frameworks",
				);
				MARKETING_VERSION = 1.0;
				PRODUCT_BUNDLE_IDENTIFIER = com.usign.part.SwiftUISampleApp;
				PRODUCT_NAME = "$(TARGET_NAME)";
				SWIFT_EMIT_LOC_STRINGS = YES;
				SWIFT_VERSION = 5.0;
				TARGETED_DEVICE_FAMILY = "1,2";
			};
			name = Release;
		};
		414BC3392B56D1EF00085615 /* Debug */ = {
			isa = XCBuildConfiguration;
			buildSettings = {
				ALWAYS_EMBED_SWIFT_STANDARD_LIBRARIES = YES;
				BUNDLE_LOADER = "$(TEST_HOST)";
				CODE_SIGN_STYLE = Automatic;
				CURRENT_PROJECT_VERSION = 1;
				DEVELOPMENT_TEAM = 68S327XH4T;
				GENERATE_INFOPLIST_FILE = YES;
				IPHONEOS_DEPLOYMENT_TARGET = 17.0;
				MARKETING_VERSION = 1.0;
				PRODUCT_BUNDLE_IDENTIFIER = com.usign.part.SwiftUISampleAppTests;
				PRODUCT_NAME = "$(TARGET_NAME)";
				SWIFT_EMIT_LOC_STRINGS = NO;
				SWIFT_VERSION = 5.0;
				TARGETED_DEVICE_FAMILY = "1,2";
				TEST_HOST = "$(BUILT_PRODUCTS_DIR)/SwiftUISampleApp.app/$(BUNDLE_EXECUTABLE_FOLDER_PATH)/SwiftUISampleApp";
			};
			name = Debug;
		};
		414BC33A2B56D1EF00085615 /* Release */ = {
			isa = XCBuildConfiguration;
			buildSettings = {
				ALWAYS_EMBED_SWIFT_STANDARD_LIBRARIES = YES;
				BUNDLE_LOADER = "$(TEST_HOST)";
				CODE_SIGN_STYLE = Automatic;
				CURRENT_PROJECT_VERSION = 1;
				DEVELOPMENT_TEAM = 68S327XH4T;
				GENERATE_INFOPLIST_FILE = YES;
				IPHONEOS_DEPLOYMENT_TARGET = 17.0;
				MARKETING_VERSION = 1.0;
				PRODUCT_BUNDLE_IDENTIFIER = com.usign.part.SwiftUISampleAppTests;
				PRODUCT_NAME = "$(TARGET_NAME)";
				SWIFT_EMIT_LOC_STRINGS = NO;
				SWIFT_VERSION = 5.0;
				TARGETED_DEVICE_FAMILY = "1,2";
				TEST_HOST = "$(BUILT_PRODUCTS_DIR)/SwiftUISampleApp.app/$(BUNDLE_EXECUTABLE_FOLDER_PATH)/SwiftUISampleApp";
			};
			name = Release;
		};
		414BC33C2B56D1EF00085615 /* Debug */ = {
			isa = XCBuildConfiguration;
			buildSettings = {
				ALWAYS_EMBED_SWIFT_STANDARD_LIBRARIES = YES;
				CODE_SIGN_STYLE = Automatic;
				CURRENT_PROJECT_VERSION = 1;
				DEVELOPMENT_TEAM = 68S327XH4T;
				GENERATE_INFOPLIST_FILE = YES;
				MARKETING_VERSION = 1.0;
				PRODUCT_BUNDLE_IDENTIFIER = com.usign.part.SwiftUISampleAppUITests;
				PRODUCT_NAME = "$(TARGET_NAME)";
				SWIFT_EMIT_LOC_STRINGS = NO;
				SWIFT_VERSION = 5.0;
				TARGETED_DEVICE_FAMILY = "1,2";
				TEST_TARGET_NAME = SwiftUISampleApp;
			};
			name = Debug;
		};
		414BC33D2B56D1EF00085615 /* Release */ = {
			isa = XCBuildConfiguration;
			buildSettings = {
				ALWAYS_EMBED_SWIFT_STANDARD_LIBRARIES = YES;
				CODE_SIGN_STYLE = Automatic;
				CURRENT_PROJECT_VERSION = 1;
				DEVELOPMENT_TEAM = 68S327XH4T;
				GENERATE_INFOPLIST_FILE = YES;
				MARKETING_VERSION = 1.0;
				PRODUCT_BUNDLE_IDENTIFIER = com.usign.part.SwiftUISampleAppUITests;
				PRODUCT_NAME = "$(TARGET_NAME)";
				SWIFT_EMIT_LOC_STRINGS = NO;
				SWIFT_VERSION = 5.0;
				TARGETED_DEVICE_FAMILY = "1,2";
				TEST_TARGET_NAME = SwiftUISampleApp;
			};
			name = Release;
		};
/* End XCBuildConfiguration section */

/* Begin XCConfigurationList section */
		414BC30C2B56D1ED00085615 /* Build configuration list for PBXProject "SwiftUISampleApp" */ = {
			isa = XCConfigurationList;
			buildConfigurations = (
				414BC3332B56D1EF00085615 /* Debug */,
				414BC3342B56D1EF00085615 /* Release */,
			);
			defaultConfigurationIsVisible = 0;
			defaultConfigurationName = Release;
		};
		414BC3352B56D1EF00085615 /* Build configuration list for PBXNativeTarget "SwiftUISampleApp" */ = {
			isa = XCConfigurationList;
			buildConfigurations = (
				414BC3362B56D1EF00085615 /* Debug */,
				414BC3372B56D1EF00085615 /* Release */,
			);
			defaultConfigurationIsVisible = 0;
			defaultConfigurationName = Release;
		};
		414BC3382B56D1EF00085615 /* Build configuration list for PBXNativeTarget "SwiftUISampleAppTests" */ = {
			isa = XCConfigurationList;
			buildConfigurations = (
				414BC3392B56D1EF00085615 /* Debug */,
				414BC33A2B56D1EF00085615 /* Release */,
			);
			defaultConfigurationIsVisible = 0;
			defaultConfigurationName = Release;
		};
		414BC33B2B56D1EF00085615 /* Build configuration list for PBXNativeTarget "SwiftUISampleAppUITests" */ = {
			isa = XCConfigurationList;
			buildConfigurations = (
				414BC33C2B56D1EF00085615 /* Debug */,
				414BC33D2B56D1EF00085615 /* Release */,
			);
			defaultConfigurationIsVisible = 0;
			defaultConfigurationName = Release;
		};
/* End XCConfigurationList section */
	};
	rootObject = 414BC3092B56D1ED00085615 /* Project object */;
}
